<?xml version="1.0" encoding="utf-8"?>
<Project ToolsVersion="4.0" xmlns="http://schemas.microsoft.com/developer/msbuild/2003">
  <ItemGroup>
    <ClCompile Include="..\Core\ApplicationClass.cpp" />
    <ClCompile Include="..\Core\InputClass.cpp" />
    <ClCompile Include="..\Core\main.cpp" />
    <ClCompile Include="..\Core\SystemClass.cpp" />
  </ItemGroup>
  <ItemGroup>
    <ClInclude Include="..\Core\ApplicationClass.h" />
    <ClInclude Include="..\Core\InputClass.h" />
    <ClInclude Include="..\Core\SystemClass.h" />
  </ItemGroup>
</Project>