<?xml version="1.0" encoding="utf-8"?>
<Project ToolsVersion="4.0" xmlns="http://schemas.microsoft.com/developer/msbuild/2003">
  <ItemGroup>
    <ClCompile Include="D3DClass.cpp">
      <Filter>System\Application\D3D</Filter>
    </ClCompile>
    <ClCompile Include="main.cpp" />
    <ClCompile Include="ApplicationClass.cpp">
      <Filter>System\Application</Filter>
    </ClCompile>
    <ClCompile Include="InputClass.cpp">
      <Filter>System\Input</Filter>
    </ClCompile>
    <ClCompile Include="SystemClass.cpp">
      <Filter>System</Filter>
    </ClCompile>
    <ClCompile Include="ColorShaderClass.cpp">
      <Filter>System\Application\ColorShader</Filter>
    </ClCompile>
    <ClCompile Include="ModelClass.cpp">
      <Filter>System\Application\Model</Filter>
    </ClCompile>
    <ClCompile Include="CameraClass.cpp">
      <Filter>System\Application\Camera</Filter>
    </ClCompile>
    <ClCompile Include="TextureClass.cpp">
      <Filter>System\Application\Model\Texture</Filter>
    </ClCompile>
    <ClCompile Include="TextureShaderClass.cpp">
      <Filter>System\Application\ColorShader</Filter>
    </ClCompile>
  </ItemGroup>
  <ItemGroup>
    <ClInclude Include="D3DClass.h">
      <Filter>System\Application\D3D</Filter>
    </ClInclude>
    <ClInclude Include="ApplicationClass.h">
      <Filter>System\Application</Filter>
    </ClInclude>
    <ClInclude Include="InputClass.h">
      <Filter>System\Input</Filter>
    </ClInclude>
    <ClInclude Include="SystemClass.h">
      <Filter>System</Filter>
    </ClInclude>
    <ClInclude Include="ColorShaderClass.h">
      <Filter>System\Application\ColorShader</Filter>
    </ClInclude>
    <ClInclude Include="ModelClass.h">
      <Filter>System\Application\Model</Filter>
    </ClInclude>
    <ClInclude Include="CameraClass.h">
      <Filter>System\Application\Camera</Filter>
    </ClInclude>
    <ClInclude Include="TextureClass.h">
      <Filter>System\Application\Model\Texture</Filter>
    </ClInclude>
    <ClInclude Include="TextureShaderClass.h">
      <Filter>System\Application\ColorShader</Filter>
    </ClInclude>
  </ItemGroup>
  <ItemGroup>
    <Filter Include="System">
      <UniqueIdentifier>{b7174d46-f667-4d48-9644-bea4e393faa8}</UniqueIdentifier>
    </Filter>
    <Filter Include="System\Application">
      <UniqueIdentifier>{59729dbb-e8eb-40b7-a4be-76de627fd162}</UniqueIdentifier>
    </Filter>
    <Filter Include="System\Input">
      <UniqueIdentifier>{5cbda381-478c-429d-9b1b-dce1f543056f}</UniqueIdentifier>
    </Filter>
    <Filter Include="System\Application\D3D">
      <UniqueIdentifier>{a3dc19d0-c620-4120-9d94-ce462fe5f63a}</UniqueIdentifier>
    </Filter>
    <Filter Include="Shader">
      <UniqueIdentifier>{e0e49540-e0b1-4bc0-a10b-462d9b87c775}</UniqueIdentifier>
    </Filter>
    <Filter Include="System\Application\ColorShader">
      <UniqueIdentifier>{c2c642a9-da41-4e44-95ec-243449457522}</UniqueIdentifier>
    </Filter>
    <Filter Include="System\Application\Model">
      <UniqueIdentifier>{e8627a41-9e0c-43a3-be12-64fbe0506dc2}</UniqueIdentifier>
    </Filter>
    <Filter Include="System\Application\Camera">
      <UniqueIdentifier>{dfa91341-5eb2-47b1-8156-232bbad11489}</UniqueIdentifier>
    </Filter>
    <Filter Include="System\Application\Model\Texture">
      <UniqueIdentifier>{5aa72d20-db82-458f-8624-c80acf9e8a30}</UniqueIdentifier>
    </Filter>
  </ItemGroup>
  <ItemGroup>
    <None Include="Color.ps">
      <Filter>Shader</Filter>
    </None>
    <None Include="Color.vs">
      <Filter>Shader</Filter>
    </None>
    <None Include="Texture.vs">
      <Filter>Shader</Filter>
    </None>
    <None Include="Texture.ps">
      <Filter>Shader</Filter>
    </None>
  </ItemGroup>
</Project>